
Microsoft Visual Studio Solution File, Format Version 12.00
# Visual Studio Version 17
VisualStudioVersion = 17.0.31903.59
MinimumVisualStudioVersion = 10.0.40219.1
Project("{2150E333-8FDC-42A3-9474-1A3956D46DE8}") = "src", "src", "{827E0CD3-B72D-47B6-A68D-7590B98EB39B}"
EndProject
Project("{FAE04EC0-301F-11D3-BF4B-00C04F79EFBC}") = "GCam.Core", "src\GCam.Core\GCam.Core.csproj", "{A6CBDA22-E43C-4192-9EA6-2F431D6FFF07}"
EndProject
Project("{FAE04EC0-301F-11D3-BF4B-00C04F79EFBC}") = "GCam.Posts", "src\GCam.Posts\GCam.Posts.csproj", "{5B92E586-FDD5-407C-97E9-2A7F20518819}"
EndProject
Project("{FAE04EC0-301F-11D3-BF4B-00C04F79EFBC}") = "GCam.SolidWorks", "src\GCam.SolidWorks\GCam.SolidWorks.csproj", "{64F214C3-96E0-44BE-88D6-85715A98CA73}"
EndProject
Project("{FAE04EC0-301F-11D3-BF4B-00C04F79EFBC}") = "GCam.UI", "src\GCam.UI\GCam.UI.csproj", "{9684FC2F-8C70-417F-8426-AACC895F0CE7}"
EndProject
Project("{FAE04EC0-301F-11D3-BF4B-00C04F79EFBC}") = "GCam.AddIn", "src\GCam.AddIn\GCam.AddIn.csproj", "{242B338B-7046-4826-A6BD-131C7B6D6751}"
EndProject
Project("{FAE04EC0-301F-11D3-BF4B-00C04F79EFBC}") = "GCam.Core.Tests", "tests\GCam.Core.Tests\GCam.Core.Tests.csproj", "{238E587E-BE11-4FCD-99A4-5F047BF09AD6}"
EndProject
Project("{FAE04EC0-301F-11D3-BF4B-00C04F79EFBC}") = "GCam.Integration.Tests", "tests\GCam.Integration.Tests\GCam.Integration.Tests.csproj", "{52240C53-4B1F-43E5-AB12-027ECA54E8CC}"
EndProject
Global
	GlobalSection(SolutionConfigurationPlatforms) = preSolution
		Debug|Any CPU = Debug|Any CPU
		Debug|x64 = Debug|x64
		Debug|x86 = Debug|x86
		Release|Any CPU = Release|Any CPU
		Release|x64 = Release|x64
		Release|x86 = Release|x86
	EndGlobalSection
	GlobalSection(ProjectConfigurationPlatforms) = postSolution
		{A6CBDA22-E43C-4192-9EA6-2F431D6FFF07}.Debug|Any CPU.ActiveCfg = Debug|Any CPU
		{A6CBDA22-E43C-4192-9EA6-2F431D6FFF07}.Debug|Any CPU.Build.0 = Debug|Any CPU
		{A6CBDA22-E43C-4192-9EA6-2F431D6FFF07}.Debug|x64.ActiveCfg = Debug|Any CPU
		{A6CBDA22-E43C-4192-9EA6-2F431D6FFF07}.Debug|x64.Build.0 = Debug|Any CPU
		{A6CBDA22-E43C-4192-9EA6-2F431D6FFF07}.Debug|x86.ActiveCfg = Debug|Any CPU
		{A6CBDA22-E43C-4192-9EA6-2F431D6FFF07}.Debug|x86.Build.0 = Debug|Any CPU
		{A6CBDA22-E43C-4192-9EA6-2F431D6FFF07}.Release|Any CPU.ActiveCfg = Release|Any CPU
		{A6CBDA22-E43C-4192-9EA6-2F431D6FFF07}.Release|Any CPU.Build.0 = Release|Any CPU
		{A6CBDA22-E43C-4192-9EA6-2F431D6FFF07}.Release|x64.ActiveCfg = Release|Any CPU
		{A6CBDA22-E43C-4192-9EA6-2F431D6FFF07}.Release|x64.Build.0 = Release|Any CPU
		{A6CBDA22-E43C-4192-9EA6-2F431D6FFF07}.Release|x86.ActiveCfg = Release|Any CPU
		{A6CBDA22-E43C-4192-9EA6-2F431D6FFF07}.Release|x86.Build.0 = Release|Any CPU
		{5B92E586-FDD5-407C-97E9-2A7F20518819}.Debug|Any CPU.ActiveCfg = Debug|Any CPU
		{5B92E586-FDD5-407C-97E9-2A7F20518819}.Debug|Any CPU.Build.0 = Debug|Any CPU
		{5B92E586-FDD5-407C-97E9-2A7F20518819}.Debug|x64.ActiveCfg = Debug|Any CPU
		{5B92E586-FDD5-407C-97E9-2A7F20518819}.Debug|x64.Build.0 = Debug|Any CPU
		{5B92E586-FDD5-407C-97E9-2A7F20518819}.Debug|x86.ActiveCfg = Debug|Any CPU
		{5B92E586-FDD5-407C-97E9-2A7F20518819}.Debug|x86.Build.0 = Debug|Any CPU
		{5B92E586-FDD5-407C-97E9-2A7F20518819}.Release|Any CPU.ActiveCfg = Release|Any CPU
		{5B92E586-FDD5-407C-97E9-2A7F20518819}.Release|Any CPU.Build.0 = Release|Any CPU
		{5B92E586-FDD5-407C-97E9-2A7F20518819}.Release|x64.ActiveCfg = Release|Any CPU
		{5B92E586-FDD5-407C-97E9-2A7F20518819}.Release|x64.Build.0 = Release|Any CPU
		{5B92E586-FDD5-407C-97E9-2A7F20518819}.Release|x86.ActiveCfg = Release|Any CPU
		{5B92E586-FDD5-407C-97E9-2A7F20518819}.Release|x86.Build.0 = Release|Any CPU
		{64F214C3-96E0-44BE-88D6-85715A98CA73}.Debug|Any CPU.ActiveCfg = Debug|Any CPU
		{64F214C3-96E0-44BE-88D6-85715A98CA73}.Debug|Any CPU.Build.0 = Debug|Any CPU
		{64F214C3-96E0-44BE-88D6-85715A98CA73}.Debug|x64.ActiveCfg = Debug|Any CPU
		{64F214C3-96E0-44BE-88D6-85715A98CA73}.Debug|x64.Build.0 = Debug|Any CPU
		{64F214C3-96E0-44BE-88D6-85715A98CA73}.Debug|x86.ActiveCfg = Debug|Any CPU
		{64F214C3-96E0-44BE-88D6-85715A98CA73}.Debug|x86.Build.0 = Debug|Any CPU
		{64F214C3-96E0-44BE-88D6-85715A98CA73}.Release|Any CPU.ActiveCfg = Release|Any CPU
		{64F214C3-96E0-44BE-88D6-85715A98CA73}.Release|Any CPU.Build.0 = Release|Any CPU
		{64F214C3-96E0-44BE-88D6-85715A98CA73}.Release|x64.ActiveCfg = Release|Any CPU
		{64F214C3-96E0-44BE-88D6-85715A98CA73}.Release|x64.Build.0 = Release|Any CPU
		{64F214C3-96E0-44BE-88D6-85715A98CA73}.Release|x86.ActiveCfg = Release|Any CPU
		{64F214C3-96E0-44BE-88D6-85715A98CA73}.Release|x86.Build.0 = Release|Any CPU
		{9684FC2F-8C70-417F-8426-AACC895F0CE7}.Debug|Any CPU.ActiveCfg = Debug|Any CPU
		{9684FC2F-8C70-417F-8426-AACC895F0CE7}.Debug|Any CPU.Build.0 = Debug|Any CPU
		{9684FC2F-8C70-417F-8426-AACC895F0CE7}.Debug|x64.ActiveCfg = Debug|Any CPU
		{9684FC2F-8C70-417F-8426-AACC895F0CE7}.Debug|x64.Build.0 = Debug|Any CPU
		{9684FC2F-8C70-417F-8426-AACC895F0CE7}.Debug|x86.ActiveCfg = Debug|Any CPU
		{9684FC2F-8C70-417F-8426-AACC895F0CE7}.Debug|x86.Build.0 = Debug|Any CPU
		{9684FC2F-8C70-417F-8426-AACC895F0CE7}.Release|Any CPU.ActiveCfg = Release|Any CPU
		{9684FC2F-8C70-417F-8426-AACC895F0CE7}.Release|Any CPU.Build.0 = Release|Any CPU
		{9684FC2F-8C70-417F-8426-AACC895F0CE7}.Release|x64.ActiveCfg = Release|Any CPU
		{9684FC2F-8C70-417F-8426-AACC895F0CE7}.Release|x64.Build.0 = Release|Any CPU
		{9684FC2F-8C70-417F-8426-AACC895F0CE7}.Release|x86.ActiveCfg = Release|Any CPU
		{9684FC2F-8C70-417F-8426-AACC895F0CE7}.Release|x86.Build.0 = Release|Any CPU
		{242B338B-7046-4826-A6BD-131C7B6D6751}.Debug|Any CPU.ActiveCfg = Debug|Any CPU
		{242B338B-7046-4826-A6BD-131C7B6D6751}.Debug|Any CPU.Build.0 = Debug|Any CPU
		{242B338B-7046-4826-A6BD-131C7B6D6751}.Debug|x64.ActiveCfg = Debug|Any CPU
		{242B338B-7046-4826-A6BD-131C7B6D6751}.Debug|x64.Build.0 = Debug|Any CPU
		{242B338B-7046-4826-A6BD-131C7B6D6751}.Debug|x86.ActiveCfg = Debug|Any CPU
		{242B338B-7046-4826-A6BD-131C7B6D6751}.Debug|x86.Build.0 = Debug|Any CPU
		{242B338B-7046-4826-A6BD-131C7B6D6751}.Release|Any CPU.ActiveCfg = Release|Any CPU
		{242B338B-7046-4826-A6BD-131C7B6D6751}.Release|Any CPU.Build.0 = Release|Any CPU
		{242B338B-7046-4826-A6BD-131C7B6D6751}.Release|x64.ActiveCfg = Release|Any CPU
		{242B338B-7046-4826-A6BD-131C7B6D6751}.Release|x64.Build.0 = Release|Any CPU
		{242B338B-7046-4826-A6BD-131C7B6D6751}.Release|x86.ActiveCfg = Release|Any CPU
		{242B338B-7046-4826-A6BD-131C7B6D6751}.Release|x86.Build.0 = Release|Any CPU
		{238E587E-BE11-4FCD-99A4-5F047BF09AD6}.Debug|Any CPU.ActiveCfg = Debug|Any CPU
		{238E587E-BE11-4FCD-99A4-5F047BF09AD6}.Debug|Any CPU.Build.0 = Debug|Any CPU
		{238E587E-BE11-4FCD-99A4-5F047BF09AD6}.Debug|x64.ActiveCfg = Debug|Any CPU
		{238E587E-BE11-4FCD-99A4-5F047BF09AD6}.Debug|x64.Build.0 = Debug|Any CPU
		{238E587E-BE11-4FCD-99A4-5F047BF09AD6}.Debug|x86.ActiveCfg = Debug|Any CPU
		{238E587E-BE11-4FCD-99A4-5F047BF09AD6}.Debug|x86.Build.0 = Debug|Any CPU
		{238E587E-BE11-4FCD-99A4-5F047BF09AD6}.Release|Any CPU.ActiveCfg = Release|Any CPU
		{238E587E-BE11-4FCD-99A4-5F047BF09AD6}.Release|Any CPU.Build.0 = Release|Any CPU
		{238E587E-BE11-4FCD-99A4-5F047BF09AD6}.Release|x64.ActiveCfg = Release|Any CPU
		{238E587E-BE11-4FCD-99A4-5F047BF09AD6}.Release|x64.Build.0 = Release|Any CPU
		{238E587E-BE11-4FCD-99A4-5F047BF09AD6}.Release|x86.ActiveCfg = Release|Any CPU
		{238E587E-BE11-4FCD-99A4-5F047BF09AD6}.Release|x86.Build.0 = Release|Any CPU
		{52240C53-4B1F-43E5-AB12-027ECA54E8CC}.Debug|Any CPU.ActiveCfg = Debug|Any CPU
		{52240C53-4B1F-43E5-AB12-027ECA54E8CC}.Debug|Any CPU.Build.0 = Debug|Any CPU
		{52240C53-4B1F-43E5-AB12-027ECA54E8CC}.Debug|x64.ActiveCfg = Debug|Any CPU
		{52240C53-4B1F-43E5-AB12-027ECA54E8CC}.Debug|x64.Build.0 = Debug|Any CPU
		{52240C53-4B1F-43E5-AB12-027ECA54E8CC}.Debug|x86.ActiveCfg = Debug|Any CPU
		{52240C53-4B1F-43E5-AB12-027ECA54E8CC}.Debug|x86.Build.0 = Debug|Any CPU
		{52240C53-4B1F-43E5-AB12-027ECA54E8CC}.Release|Any CPU.ActiveCfg = Release|Any CPU
		{52240C53-4B1F-43E5-AB12-027ECA54E8CC}.Release|Any CPU.Build.0 = Release|Any CPU
		{52240C53-4B1F-43E5-AB12-027ECA54E8CC}.Release|x64.ActiveCfg = Release|Any CPU
		{52240C53-4B1F-43E5-AB12-027ECA54E8CC}.Release|x64.Build.0 = Release|Any CPU
		{52240C53-4B1F-43E5-AB12-027ECA54E8CC}.Release|x86.ActiveCfg = Release|Any CPU
		{52240C53-4B1F-43E5-AB12-027ECA54E8CC}.Release|x86.Build.0 = Release|Any CPU
	EndGlobalSection
	GlobalSection(SolutionProperties) = preSolution
		HideSolutionNode = FALSE
	EndGlobalSection
	GlobalSection(NestedProjects) = preSolution
		{A6CBDA22-E43C-4192-9EA6-2F431D6FFF07} = {827E0CD3-B72D-47B6-A68D-7590B98EB39B}
		{5B92E586-FDD5-407C-97E9-2A7F20518819} = {827E0CD3-B72D-47B6-A68D-7590B98EB39B}
		{64F214C3-96E0-44BE-88D6-85715A98CA73} = {827E0CD3-B72D-47B6-A68D-7590B98EB39B}
		{9684FC2F-8C70-417F-8426-AACC895F0CE7} = {827E0CD3-B72D-47B6-A68D-7590B98EB39B}
		{242B338B-7046-4826-A6BD-131C7B6D6751} = {827E0CD3-B72D-47B6-A68D-7590B98EB39B}
		{238E587E-BE11-4FCD-99A4-5F047BF09AD6} = {827E0CD3-B72D-47B6-A68D-7590B98EB39B}
		{52240C53-4B1F-43E5-AB12-027ECA54E8CC} = {827E0CD3-B72D-47B6-A68D-7590B98EB39B}
	EndGlobalSection
EndGlobal
